dependencies:
- name: hazelcast
  repository: https://hazelcast-charts.s3.amazonaws.com/
  version: 5.3.3
- name: influxdb
  repository: https://helm.influxdata.com/
  version: 4.7.0
- name: grafana
  repository: https://charts.bitnami.com/bitnami
  version: 3.1.1
- name: mysql
  repository: https://charts.bitnami.com/bitnami
  version: 8.2.5
digest: sha256:93f0fd075909f8a03febdbaa679572a0d88d3cfa13bbbedf190703e89cf25fa2
generated: "2022-02-14T16:33:30.394853-08:00"
